
Microsoft Visual Studio Solution File, Format Version 12.00
# Visual Studio 15
VisualStudioVersion = 15.0.26430.14
MinimumVisualStudioVersion = 10.0.40219.1
Project("{FAE04EC0-301F-11D3-BF4B-00C04F79EFBC}") = "GameCore", "GameCore\GameCore.csproj", "{BDA9386A-BAA3-46C3-B79A-5F40E871ECE1}"
EndProject
Project("{FAE04EC0-301F-11D3-BF4B-00C04F79EFBC}") = "GameCore.Specs", "GameCore.Specs\GameCore.Specs.csproj", "{8425E7D4-8C95-472B-8A9C-FE971E268222}"
EndProject
Global
	GlobalSection(SolutionConfigurationPlatforms) = preSolution
		Debug|Any CPU = Debug|Any CPU
		Release|Any CPU = Release|Any CPU
	EndGlobalSection
	GlobalSection(ProjectConfigurationPlatforms) = postSolution
		{BDA9386A-BAA3-46C3-B79A-5F40E871ECE1}.Debug|Any CPU.ActiveCfg = Debug|Any CPU
		{BDA9386A-BAA3-46C3-B79A-5F40E871ECE1}.Debug|Any CPU.Build.0 = Debug|Any CPU
		{BDA9386A-BAA3-46C3-B79A-5F40E871ECE1}.Release|Any CPU.ActiveCfg = Release|Any CPU
		{BDA9386A-BAA3-46C3-B79A-5F40E871ECE1}.Release|Any CPU.Build.0 = Release|Any CPU
		{8425E7D4-8C95-472B-8A9C-FE971E268222}.Debug|Any CPU.ActiveCfg = Debug|Any CPU
		{8425E7D4-8C95-472B-8A9C-FE971E268222}.Debug|Any CPU.Build.0 = Debug|Any CPU
		{8425E7D4-8C95-472B-8A9C-FE971E268222}.Release|Any CPU.ActiveCfg = Release|Any CPU
		{8425E7D4-8C95-472B-8A9C-FE971E268222}.Release|Any CPU.Build.0 = Release|Any CPU
	EndGlobalSection
	GlobalSection(SolutionProperties) = preSolution
		HideSolutionNode = FALSE
	EndGlobalSection
EndGlobal
